Microsoft Visual Studio Solution File, Format Version 12.00
# Visual Studio Version 17
VisualStudioVersion = 17.0.31903.59
MinimumVisualStudioVersion = 10.0.40219.1
Project("{9A19103F-16F7-4668-BE54-9A1E7A4F7556}") = "TodoApi", "ToDoApi\TodoApi.csproj", "{A1B2C3D4-E5F6-7890-ABCD-EF1234567890}"
EndProject
Project("{9A19103F-16F7-4668-BE54-9A1E7A4F7556}") = "Todo.Backend.Domain", "Todo.Backend.Domain\Todo.Backend.Domain.csproj", "{F4CEFD66-D433-44AB-BD34-45C21B80E35B}"
EndProject
Project("{9A19103F-16F7-4668-BE54-9A1E7A4F7556}") = "Todo.Backend.Application", "Todo.Backend.Application\Todo.Backend.Application.csproj", "{424F0D85-7EAA-42A9-8072-56436ADA616E}"
EndProject
Project("{9A19103F-16F7-4668-BE54-9A1E7A4F7556}") = "Todo.Backend.Infrastructure", "Todo.Backend.Infrastructure\Todo.Backend.Infrastructure.csproj", "{3BAE454C-F8CE-4B62-94EF-FF80CDB0B31D}"
EndProject
Global
	GlobalSection(SolutionConfigurationPlatforms) = preSolution
		Debug|Any CPU = Debug|Any CPU
		Release|Any CPU = Release|Any CPU
	EndGlobalSection
	GlobalSection(ProjectConfigurationPlatforms) = postSolution
		{A1B2C3D4-E5F6-7890-ABCD-EF1234567890}.Debug|Any CPU.ActiveCfg = Debug|Any CPU
		{A1B2C3D4-E5F6-7890-ABCD-EF1234567890}.Debug|Any CPU.Build.0 = Debug|Any CPU
		{A1B2C3D4-E5F6-7890-ABCD-EF1234567890}.Release|Any CPU.ActiveCfg = Release|Any CPU
		{A1B2C3D4-E5F6-7890-ABCD-EF1234567890}.Release|Any CPU.Build.0 = Release|Any CPU
		{F4CEFD66-D433-44AB-BD34-45C21B80E35B}.Debug|Any CPU.ActiveCfg = Debug|Any CPU
		{F4CEFD66-D433-44AB-BD34-45C21B80E35B}.Debug|Any CPU.Build.0 = Debug|Any CPU
		{F4CEFD66-D433-44AB-BD34-45C21B80E35B}.Release|Any CPU.ActiveCfg = Release|Any CPU
		{F4CEFD66-D433-44AB-BD34-45C21B80E35B}.Release|Any CPU.Build.0 = Release|Any CPU
		{424F0D85-7EAA-42A9-8072-56436ADA616E}.Debug|Any CPU.ActiveCfg = Debug|Any CPU
		{424F0D85-7EAA-42A9-8072-56436ADA616E}.Debug|Any CPU.Build.0 = Debug|Any CPU
		{424F0D85-7EAA-42A9-8072-56436ADA616E}.Release|Any CPU.ActiveCfg = Release|Any CPU
		{424F0D85-7EAA-42A9-8072-56436ADA616E}.Release|Any CPU.Build.0 = Release|Any CPU
		{3BAE454C-F8CE-4B62-94EF-FF80CDB0B31D}.Debug|Any CPU.ActiveCfg = Debug|Any CPU
		{3BAE454C-F8CE-4B62-94EF-FF80CDB0B31D}.Debug|Any CPU.Build.0 = Debug|Any CPU
		{3BAE454C-F8CE-4B62-94EF-FF80CDB0B31D}.Release|Any CPU.ActiveCfg = Release|Any CPU
		{3BAE454C-F8CE-4B62-94EF-FF80CDB0B31D}.Release|Any CPU.Build.0 = Release|Any CPU
	EndGlobalSection
	GlobalSection(SolutionProperties) = preSolution
		HideSolutionNode = FALSE
	EndGlobalSection
	GlobalSection(ExtensibilityGlobals) = postSolution
		SolutionGuid = {2F6AB896-0750-46F8-8769-F43A1B853651}
	EndGlobalSection
EndGlobal
